<Solution>
  <Folder Name="/src/">
    <Project Path="src/Shop.API/Shop.API.csproj" />
    <Project Path="src/Shop.Application/Shop.Application.csproj" />
    <Project Path="src/Shop.Domain/Shop.Domain.csproj" />
    <Project Path="src/Shop.Infrastructure/Shop.Infrastructure.csproj" />
  </Folder>
</Solution>
